{
  "name": "node-image-downloader",
  "version": "1.0.0",
  "lockfileVersion": 1,
  "requires": true,
  "dependencies": {
    "image-downloader": {
      "version": "4.0.1",
      "resolved": "https://registry.npmjs.org/image-downloader/-/image-downloader-4.0.1.tgz",
      "integrity": "sha512-VfjlMHx1DDPN27x6IC15+6oejeG0A1S955r7oF4rsxqAh8+ygJ3avK8yi8pJztz5qir/x1dFV+eCIy3155byhg=="
    }
  }
}
